// !$*UTF8*$!
{
	archiveVersion = 1;
	classes = {
	};
	objectVersion = 55;
	objects = {

/* Begin PBXBuildFile section */
		2A32D8022795692C00C7C8FF /* MarkdownViewExampleApp.swift in Sources */ = {isa = PBXBuildFile; fileRef = 2A32D7F22795692B00C7C8FF /* MarkdownViewExampleApp.swift */; };
		2A32D8032795692C00C7C8FF /* MarkdownViewExampleApp.swift in Sources */ = {isa = PBXBuildFile; fileRef = 2A32D7F22795692B00C7C8FF /* MarkdownViewExampleApp.swift */; };
		2A32D8042795692C00C7C8FF /* ContentView.swift in Sources */ = {isa = PBXBuildFile; fileRef = 2A32D7F32795692B00C7C8FF /* ContentView.swift */; };
		2A32D8052795692C00C7C8FF /* ContentView.swift in Sources */ = {isa = PBXBuildFile; fileRef = 2A32D7F32795692B00C7C8FF /* ContentView.swift */; };
		2A32D8062795692C00C7C8FF /* Assets.xcassets in Resources */ = {isa = PBXBuildFile; fileRef = 2A32D7F42795692C00C7C8FF /* Assets.xcassets */; };
		2A32D8072795692C00C7C8FF /* Assets.xcassets in Resources */ = {isa = PBXBuildFile; fileRef = 2A32D7F42795692C00C7C8FF /* Assets.xcassets */; };
		2A32D815279569B100C7C8FF /* MarkdownView in Frameworks */ = {isa = PBXBuildFile; productRef = 2A32D814279569B100C7C8FF /* MarkdownView */; };
/* End PBXBuildFile section */

/* Begin PBXFileReference section */
		2A32D7F22795692B00C7C8FF /* MarkdownViewExampleApp.swift */ = {isa = PBXFileReference; lastKnownFileType = sourcecode.swift; path = MarkdownViewExampleApp.swift; sourceTree = "<group>"; };
		2A32D7F32795692B00C7C8FF /* ContentView.swift */ = {isa = PBXFileReference; lastKnownFileType = sourcecode.swift; path = ContentView.swift; sourceTree = "<group>"; };
		2A32D7F42795692C00C7C8FF /* Assets.xcassets */ = {isa = PBXFileReference; lastKnownFileType = folder.assetcatalog; path = Assets.xcassets; sourceTree = "<group>"; };
		2A32D7F92795692C00C7C8FF /* MarkdownViewExample.app */ = {isa = PBXFileReference; explicitFileType = wrapper.application; includeInIndex = 0; path = MarkdownViewExample.app; sourceTree = BUILT_PRODUCTS_DIR; };
		2A32D7FF2795692C00C7C8FF /* MarkdownViewExample.app */ = {isa = PBXFileReference; explicitFileType = wrapper.application; includeInIndex = 0; path = MarkdownViewExample.app; sourceTree = BUILT_PRODUCTS_DIR; };
		2A32D8012795692C00C7C8FF /* macOS.entitlements */ = {isa = PBXFileReference; lastKnownFileType = text.plist.entitlements; path = macOS.entitlements; sourceTree = "<group>"; };
		2A32D8122795697300C7C8FF /* MarkdownView */ = {isa = PBXFileReference; lastKnownFileType = wrapper; name = MarkdownView; path = ..; sourceTree = "<group>"; };
/* End PBXFileReference section */

/* Begin PBXFrameworksBuildPhase section */
		2A32D7F62795692C00C7C8FF /* Frameworks */ = {
			isa = PBXFrameworksBuildPhase;
			buildActionMask = 2147483647;
			files = (
			);
			runOnlyForDeploymentPostprocessing = 0;
		};
		2A32D7FC2795692C00C7C8FF /* Frameworks */ = {
			isa = PBXFrameworksBuildPhase;
			buildActionMask = 2147483647;
			files = (
				2A32D815279569B100C7C8FF /* MarkdownView in Frameworks */,
			);
			runOnlyForDeploymentPostprocessing = 0;
		};
/* End PBXFrameworksBuildPhase section */

/* Begin PBXGroup section */
		2A32D7EC2795692A00C7C8FF = {
			isa = PBXGroup;
			children = (
				2A32D8112795697300C7C8FF /* Packages */,
				2A32D7F12795692B00C7C8FF /* Shared */,
				2A32D8002795692C00C7C8FF /* macOS */,
				2A32D7FA2795692C00C7C8FF /* Products */,
				2A32D813279569B100C7C8FF /* Frameworks */,
			);
			sourceTree = "<group>";
		};
		2A32D7F12795692B00C7C8FF /* Shared */ = {
			isa = PBXGroup;
			children = (
				2A32D7F22795692B00C7C8FF /* MarkdownViewExampleApp.swift */,
				2A32D7F32795692B00C7C8FF /* ContentView.swift */,
				2A32D7F42795692C00C7C8FF /* Assets.xcassets */,
			);
			path = Shared;
			sourceTree = "<group>";
		};
		2A32D7FA2795692C00C7C8FF /* Products */ = {
			isa = PBXGroup;
			children = (
				2A32D7F92795692C00C7C8FF /* MarkdownViewExample.app */,
				2A32D7FF2795692C00C7C8FF /* MarkdownViewExample.app */,
			);
			name = Products;
			sourceTree = "<group>";
		};
		2A32D8002795692C00C7C8FF /* macOS */ = {
			isa = PBXGroup;
			children = (
				2A32D8012795692C00C7C8FF /* macOS.entitlements */,
			);
			path = macOS;
			sourceTree = "<group>";
		};
		2A32D8112795697300C7C8FF /* Packages */ = {
			isa = PBXGroup;
			children = (
				2A32D8122795697300C7C8FF /* MarkdownView */,
			);
			name = Packages;
			sourceTree = "<group>";
		};
		2A32D813279569B100C7C8FF /* Frameworks */ = {
			isa = PBXGroup;
			children = (
			);
			name = Frameworks;
			sourceTree = "<group>";
		};
/* End PBXGroup section */

/* Begin PBXNativeTarget section */
		2A32D7F82795692C00C7C8FF /* MarkdownViewExample (iOS) */ = {
			isa = PBXNativeTarget;
			buildConfigurationList = 2A32D80A2795692C00C7C8FF /* Build configuration list for PBXNativeTarget "MarkdownViewExample (iOS)" */;
			buildPhases = (
				2A32D7F52795692C00C7C8FF /* Sources */,
				2A32D7F62795692C00C7C8FF /* Frameworks */,
				2A32D7F72795692C00C7C8FF /* Resources */,
			);
			buildRules = (
			);
			dependencies = (
			);
			name = "MarkdownViewExample (iOS)";
			productName = "MarkdownViewExample (iOS)";
			productReference = 2A32D7F92795692C00C7C8FF /* MarkdownViewExample.app */;
			productType = "com.apple.product-type.application";
		};
		2A32D7FE2795692C00C7C8FF /* MarkdownViewExample (macOS) */ = {
			isa = PBXNativeTarget;
			buildConfigurationList = 2A32D80D2795692C00C7C8FF /* Build configuration list for PBXNativeTarget "MarkdownViewExample (macOS)" */;
			buildPhases = (
				2A32D7FB2795692C00C7C8FF /* Sources */,
				2A32D7FC2795692C00C7C8FF /* Frameworks */,
				2A32D7FD2795692C00C7C8FF /* Resources */,
			);
			buildRules = (
			);
			dependencies = (
			);
			name = "MarkdownViewExample (macOS)";
			packageProductDependencies = (
				2A32D814279569B100C7C8FF /* MarkdownView */,
			);
			productName = "MarkdownViewExample (macOS)";
			productReference = 2A32D7FF2795692C00C7C8FF /* MarkdownViewExample.app */;
			productType = "com.apple.product-type.application";
		};
/* End PBXNativeTarget section */

/* Begin PBXProject section */
		2A32D7ED2795692A00C7C8FF /* Project object */ = {
			isa = PBXProject;
			attributes = {
				BuildIndependentTargetsInParallel = 1;
				LastSwiftUpdateCheck = 1320;
				LastUpgradeCheck = 1320;
				TargetAttributes = {
					2A32D7F82795692C00C7C8FF = {
						CreatedOnToolsVersion = 13.2;
					};
					2A32D7FE2795692C00C7C8FF = {
						CreatedOnToolsVersion = 13.2;
					};
				};
			};
			buildConfigurationList = 2A32D7F02795692A00C7C8FF /* Build configuration list for PBXProject "MarkdownViewExample" */;
			compatibilityVersion = "Xcode 13.0";
			developmentRegion = en;
			hasScannedForEncodings = 0;
			knownRegions = (
				en,
				Base,
			);
			mainGroup = 2A32D7EC2795692A00C7C8FF;
			productRefGroup = 2A32D7FA2795692C00C7C8FF /* Products */;
			projectDirPath = "";
			projectRoot = "";
			targets = (
				2A32D7F82795692C00C7C8FF /* MarkdownViewExample (iOS) */,
				2A32D7FE2795692C00C7C8FF /* MarkdownViewExample (macOS) */,
			);
		};
/* End PBXProject section */

/* Begin PBXResourcesBuildPhase section */
		2A32D7F72795692C00C7C8FF /* Resources */ = {
			isa = PBXResourcesBuildPhase;
			buildActionMask = 2147483647;
			files = (
				2A32D8062795692C00C7C8FF /* Assets.xcassets in Resources */,
			);
			runOnlyForDeploymentPostprocessing = 0;
		};
		2A32D7FD2795692C00C7C8FF /* Resources */ = {
			isa = PBXResourcesBuildPhase;
			buildActionMask = 2147483647;
			files = (
				2A32D8072795692C00C7C8FF /* Assets.xcassets in Resources */,
			);
			runOnlyForDeploymentPostprocessing = 0;
		};
/* End PBXResourcesBuildPhase section */

/* Begin PBXSourcesBuildPhase section */
		2A32D7F52795692C00C7C8FF /* Sources */ = {
			isa = PBXSourcesBuildPhase;
			buildActionMask = 2147483647;
			files = (
				2A32D8042795692C00C7C8FF /* ContentView.swift in Sources */,
				2A32D8022795692C00C7C8FF /* MarkdownViewExampleApp.swift in Sources */,
			);
			runOnlyForDeploymentPostprocessing = 0;
		};
		2A32D7FB2795692C00C7C8FF /* Sources */ = {
			isa = PBXSourcesBuildPhase;
			buildActionMask = 2147483647;
			files = (
				2A32D8052795692C00C7C8FF /* ContentView.swift in Sources */,
				2A32D8032795692C00C7C8FF /* MarkdownViewExampleApp.swift in Sources */,
			);
			runOnlyForDeploymentPostprocessing = 0;
		};
/* End PBXSourcesBuildPhase section */

/* Begin XCBuildConfiguration section */
		2A32D8082795692C00C7C8FF /* Debug */ = {
			isa = XCBuildConfiguration;
			buildSettings = {
				ALWAYS_SEARCH_USER_PATHS = NO;
				CLANG_ANALYZER_NONNULL = YES;
				CLANG_ANALYZER_NUMBER_OBJECT_CONVERSION = YES_AGGRESSIVE;
				CLANG_CXX_LANGUAGE_STANDARD = "gnu++17";
				CLANG_CXX_LIBRARY = "libc++";
				CLANG_ENABLE_MODULES = YES;
				CLANG_ENABLE_OBJC_ARC = YES;
				CLANG_ENABLE_OBJC_WEAK = YES;
				CLANG_WARN_BLOCK_CAPTURE_AUTORELEASING = YES;
				CLANG_WARN_BOOL_CONVERSION = YES;
				CLANG_WARN_COMMA = YES;
				CLANG_WARN_CONSTANT_CONVERSION = YES;
				CLANG_WARN_DEPRECATED_OBJC_IMPLEMENTATIONS = YES;
				CLANG_WARN_DIRECT_OBJC_ISA_USAGE = YES_ERROR;
				CLANG_WARN_DOCUMENTATION_COMMENTS = YES;
				CLANG_WARN_EMPTY_BODY = YES;
				CLANG_WARN_ENUM_CONVERSION = YES;
				CLANG_WARN_INFINITE_RECURSION = YES;
				CLANG_WARN_INT_CONVERSION = YES;
				CLANG_WARN_NON_LITERAL_NULL_CONVERSION = YES;
				CLANG_WARN_OBJC_IMPLICIT_RETAIN_SELF = YES;
				CLANG_WARN_OBJC_LITERAL_CONVERSION = YES;
				CLANG_WARN_OBJC_ROOT_CLASS = YES_ERROR;
				CLANG_WARN_QUOTED_INCLUDE_IN_FRAMEWORK_HEADER = YES;
				CLANG_WARN_RANGE_LOOP_ANALYSIS = YES;
				CLANG_WARN_STRICT_PROTOTYPES = YES;
				CLANG_WARN_SUSPICIOUS_MOVE = YES;
				CLANG_WARN_UNGUARDED_AVAILABILITY = YES_AGGRESSIVE;
				CLANG_WARN_UNREACHABLE_CODE = YES;
				CLANG_WARN__DUPLICATE_METHOD_MATCH = YES;
				COPY_PHASE_STRIP = NO;
				DEBUG_INFORMATION_FORMAT = dwarf;
				ENABLE_STRICT_OBJC_MSGSEND = YES;
				ENABLE_TESTABILITY = YES;
				GCC_C_LANGUAGE_STANDARD = gnu11;
				GCC_DYNAMIC_NO_PIC = NO;
				GCC_NO_COMMON_BLOCKS = YES;
				GCC_OPTIMIZATION_LEVEL = 0;
				GCC_PREPROCESSOR_DEFINITIONS = (
					"DEBUG=1",
					"$(inherited)",
				);
				GCC_WARN_64_TO_32_BIT_CONVERSION = YES;
				GCC_WARN_ABOUT_RETURN_TYPE = YES_ERROR;
				GCC_WARN_UNDECLARED_SELECTOR = YES;
				GCC_WARN_UNINITIALIZED_AUTOS = YES_AGGRESSIVE;
				GCC_WARN_UNUSED_FUNCTION = YES;
				GCC_WARN_UNUSED_VARIABLE = YES;
				MTL_ENABLE_DEBUG_INFO = INCLUDE_SOURCE;
				MTL_FAST_MATH = YES;
				ONLY_ACTIVE_ARCH = YES;
				SWIFT_ACTIVE_COMPILATION_CONDITIONS = DEBUG;
				SWIFT_OPTIMIZATION_LEVEL = "-Onone";
			};
			name = Debug;
		};
		2A32D8092795692C00C7C8FF /* Release */ = {
			isa = XCBuildConfiguration;
			buildSettings = {
				ALWAYS_SEARCH_USER_PATHS = NO;
				CLANG_ANALYZER_NONNULL = YES;
				CLANG_ANALYZER_NUMBER_OBJECT_CONVERSION = YES_AGGRESSIVE;
				CLANG_CXX_LANGUAGE_STANDARD = "gnu++17";
				CLANG_CXX_LIBRARY = "libc++";
				CLANG_ENABLE_MODULES = YES;
				CLANG_ENABLE_OBJC_ARC = YES;
				CLANG_ENABLE_OBJC_WEAK = YES;
				CLANG_WARN_BLOCK_CAPTURE_AUTORELEASING = YES;
				CLANG_WARN_BOOL_CONVERSION = YES;
				CLANG_WARN_COMMA = YES;
				CLANG_WARN_CONSTANT_CONVERSION = YES;
				CLANG_WARN_DEPRECATED_OBJC_IMPLEMENTATIONS = YES;
				CLANG_WARN_DIRECT_OBJC_ISA_USAGE = YES_ERROR;
				CLANG_WARN_DOCUMENTATION_COMMENTS = YES;
				CLANG_WARN_EMPTY_BODY = YES;
				CLANG_WARN_ENUM_CONVERSION = YES;
				CLANG_WARN_INFINITE_RECURSION = YES;
				CLANG_WARN_INT_CONVERSION = YES;
				CLANG_WARN_NON_LITERAL_NULL_CONVERSION = YES;
				CLANG_WARN_OBJC_IMPLICIT_RETAIN_SELF = YES;
				CLANG_WARN_OBJC_LITERAL_CONVERSION = YES;
				CLANG_WARN_OBJC_ROOT_CLASS = YES_ERROR;
				CLANG_WARN_QUOTED_INCLUDE_IN_FRAMEWORK_HEADER = YES;
				CLANG_WARN_RANGE_LOOP_ANALYSIS = YES;
				CLANG_WARN_STRICT_PROTOTYPES = YES;
				CLANG_WARN_SUSPICIOUS_MOVE = YES;
				CLANG_WARN_UNGUARDED_AVAILABILITY = YES_AGGRESSIVE;
				CLANG_WARN_UNREACHABLE_CODE = YES;
				CLANG_WARN__DUPLICATE_METHOD_MATCH = YES;
				COPY_PHASE_STRIP = NO;
				DEBUG_INFORMATION_FORMAT = "dwarf-with-dsym";
				ENABLE_NS_ASSERTIONS = NO;
				ENABLE_STRICT_OBJC_MSGSEND = YES;
				GCC_C_LANGUAGE_STANDARD = gnu11;
				GCC_NO_COMMON_BLOCKS = YES;
				GCC_WARN_64_TO_32_BIT_CONVERSION = YES;
				GCC_WARN_ABOUT_RETURN_TYPE = YES_ERROR;
				GCC_WARN_UNDECLARED_SELECTOR = YES;
				GCC_WARN_UNINITIALIZED_AUTOS = YES_AGGRESSIVE;
				GCC_WARN_UNUSED_FUNCTION = YES;
				GCC_WARN_UNUSED_VARIABLE = YES;
				MTL_ENABLE_DEBUG_INFO = NO;
				MTL_FAST_MATH = YES;
				SWIFT_COMPILATION_MODE = wholemodule;
				SWIFT_OPTIMIZATION_LEVEL = "-O";
			};
			name = Release;
		};
		2A32D80B2795692C00C7C8FF /* Debug */ = {
			isa = XCBuildConfiguration;
			buildSettings = {
				ASSETCATALOG_COMPILER_APPICON_NAME = AppIcon;
				ASSETCATALOG_COMPILER_GLOBAL_ACCENT_COLOR_NAME = AccentColor;
				CODE_SIGN_STYLE = Automatic;
				CURRENT_PROJECT_VERSION = 1;
				DEVELOPMENT_TEAM = NND5T8LZPS;
				ENABLE_PREVIEWS = YES;
				GENERATE_INFOPLIST_FILE = YES;
				INFOPLIST_KEY_UIApplicationSceneManifest_Generation = YES;
				INFOPLIST_KEY_UIApplicationSupportsIndirectInputEvents = YES;
				INFOPLIST_KEY_UILaunchScreen_Generation = YES;
				INFOPLIST_KEY_UISupportedInterfaceOrientations_iPad = "UIInterfaceOrientationPortrait UIInterfaceOrientationPortraitUpsideDown UIInterfaceOrientationLandscapeLeft UIInterfaceOrientationLandscapeRight";
				INFOPLIST_KEY_UISupportedInterfaceOrientations_iPhone = "UIInterfaceOrientationPortrait UIInterfaceOrientationLandscapeLeft UIInterfaceOrientationLandscapeRight";
				IPHONEOS_DEPLOYMENT_TARGET = 15.2;
				LD_RUNPATH_SEARCH_PATHS = (
					"$(inherited)",
					"@executable_path/Frameworks",
				);
				MARKETING_VERSION = 1.0;
				PRODUCT_BUNDLE_IDENTIFIER = com.swiftui.example.markdown.MarkdownViewExample;
				PRODUCT_NAME = MarkdownViewExample;
				SDKROOT = iphoneos;
				SWIFT_EMIT_LOC_STRINGS = YES;
				SWIFT_VERSION = 5.0;
				TARGETED_DEVICE_FAMILY = "1,2";
			};
			name = Debug;
		};
		2A32D80C2795692C00C7C8FF /* Release */ = {
			isa = XCBuildConfiguration;
			buildSettings = {
				ASSETCATALOG_COMPILER_APPICON_NAME = AppIcon;
				ASSETCATALOG_COMPILER_GLOBAL_ACCENT_COLOR_NAME = AccentColor;
				CODE_SIGN_STYLE = Automatic;
				CURRENT_PROJECT_VERSION = 1;
				DEVELOPMENT_TEAM = NND5T8LZPS;
				ENABLE_PREVIEWS = YES;
				GENERATE_INFOPLIST_FILE = YES;
				INFOPLIST_KEY_UIApplicationSceneManifest_Generation = YES;
				INFOPLIST_KEY_UIApplicationSupportsIndirectInputEvents = YES;
				INFOPLIST_KEY_UILaunchScreen_Generation = YES;
				INFOPLIST_KEY_UISupportedInterfaceOrientations_iPad = "UIInterfaceOrientationPortrait UIInterfaceOrientationPortraitUpsideDown UIInterfaceOrientationLandscapeLeft UIInterfaceOrientationLandscapeRight";
				INFOPLIST_KEY_UISupportedInterfaceOrientations_iPhone = "UIInterfaceOrientationPortrait UIInterfaceOrientationLandscapeLeft UIInterfaceOrientationLandscapeRight";
				IPHONEOS_DEPLOYMENT_TARGET = 15.2;
				LD_RUNPATH_SEARCH_PATHS = (
					"$(inherited)",
					"@executable_path/Frameworks",
				);
				MARKETING_VERSION = 1.0;
				PRODUCT_BUNDLE_IDENTIFIER = com.swiftui.example.markdown.MarkdownViewExample;
				PRODUCT_NAME = MarkdownViewExample;
				SDKROOT = iphoneos;
				SWIFT_EMIT_LOC_STRINGS = YES;
				SWIFT_VERSION = 5.0;
				TARGETED_DEVICE_FAMILY = "1,2";
				VALIDATE_PRODUCT = YES;
			};
			name = Release;
		};
		2A32D80E2795692C00C7C8FF /* Debug */ = {
			isa = XCBuildConfiguration;
			buildSettings = {
				ASSETCATALOG_COMPILER_APPICON_NAME = AppIcon;
				ASSETCATALOG_COMPILER_GLOBAL_ACCENT_COLOR_NAME = AccentColor;
				CODE_SIGN_ENTITLEMENTS = macOS/macOS.entitlements;
				CODE_SIGN_STYLE = Automatic;
				COMBINE_HIDPI_IMAGES = YES;
				CURRENT_PROJECT_VERSION = 1;
				DEVELOPMENT_TEAM = NND5T8LZPS;
				ENABLE_HARDENED_RUNTIME = YES;
				ENABLE_PREVIEWS = YES;
				GENERATE_INFOPLIST_FILE = YES;
				INFOPLIST_KEY_NSHumanReadableCopyright = "";
				LD_RUNPATH_SEARCH_PATHS = (
					"$(inherited)",
					"@executable_path/../Frameworks",
				);
				MACOSX_DEPLOYMENT_TARGET = 12.1;
				MARKETING_VERSION = 1.0;
				PRODUCT_BUNDLE_IDENTIFIER = com.swiftui.example.markdown.MarkdownViewExample;
				PRODUCT_NAME = MarkdownViewExample;
				SDKROOT = macosx;
				SWIFT_EMIT_LOC_STRINGS = YES;
				SWIFT_VERSION = 5.0;
			};
			name = Debug;
		};
		2A32D80F2795692C00C7C8FF /* Release */ = {
			isa = XCBuildConfiguration;
			buildSettings = {
				ASSETCATALOG_COMPILER_APPICON_NAME = AppIcon;
				ASSETCATALOG_COMPILER_GLOBAL_ACCENT_COLOR_NAME = AccentColor;
				CODE_SIGN_ENTITLEMENTS = macOS/macOS.entitlements;
				CODE_SIGN_STYLE = Automatic;
				COMBINE_HIDPI_IMAGES = YES;
				CURRENT_PROJECT_VERSION = 1;
				DEVELOPMENT_TEAM = NND5T8LZPS;
				ENABLE_HARDENED_RUNTIME = YES;
				ENABLE_PREVIEWS = YES;
				GENERATE_INFOPLIST_FILE = YES;
				INFOPLIST_KEY_NSHumanReadableCopyright = "";
				LD_RUNPATH_SEARCH_PATHS = (
					"$(inherited)",
					"@executable_path/../Frameworks",
				);
				MACOSX_DEPLOYMENT_TARGET = 12.1;
				MARKETING_VERSION = 1.0;
				PRODUCT_BUNDLE_IDENTIFIER = com.swiftui.example.markdown.MarkdownViewExample;
				PRODUCT_NAME = MarkdownViewExample;
				SDKROOT = macosx;
				SWIFT_EMIT_LOC_STRINGS = YES;
				SWIFT_VERSION = 5.0;
			};
			name = Release;
		};
/* End XCBuildConfiguration section */

/* Begin XCConfigurationList section */
		2A32D7F02795692A00C7C8FF /* Build configuration list for PBXProject "MarkdownViewExample" */ = {
			isa = XCConfigurationList;
			buildConfigurations = (
				2A32D8082795692C00C7C8FF /* Debug */,
				2A32D8092795692C00C7C8FF /* Release */,
			);
			defaultConfigurationIsVisible = 0;
			defaultConfigurationName = Release;
		};
		2A32D80A2795692C00C7C8FF /* Build configuration list for PBXNativeTarget "MarkdownViewExample (iOS)" */ = {
			isa = XCConfigurationList;
			buildConfigurations = (
				2A32D80B2795692C00C7C8FF /* Debug */,
				2A32D80C2795692C00C7C8FF /* Release */,
			);
			defaultConfigurationIsVisible = 0;
			defaultConfigurationName = Release;
		};
		2A32D80D2795692C00C7C8FF /* Build configuration list for PBXNativeTarget "MarkdownViewExample (macOS)" */ = {
			isa = XCConfigurationList;
			buildConfigurations = (
				2A32D80E2795692C00C7C8FF /* Debug */,
				2A32D80F2795692C00C7C8FF /* Release */,
			);
			defaultConfigurationIsVisible = 0;
			defaultConfigurationName = Release;
		};
/* End XCConfigurationList section */

/* Begin XCSwiftPackageProductDependency section */
		2A32D814279569B100C7C8FF /* MarkdownView */ = {
			isa = XCSwiftPackageProductDependency;
			productName = MarkdownView;
		};
/* End XCSwiftPackageProductDependency section */
	};
	rootObject = 2A32D7ED2795692A00C7C8FF /* Project object */;
}
